
Microsoft Visual Studio Solution File, Format Version 12.00
# Visual Studio Version 17
VisualStudioVersion = 17.13.35825.156 d17.13
MinimumVisualStudioVersion = 10.0.40219.1
Project("{FAE04EC0-301F-11D3-BF4B-00C04F79EFBC}") = "GymKeepWebApi", "GymKeepWebApi.csproj", "{A7F485C7-5101-460F-8861-0C492C996FC4}"
EndProject
Global
	GlobalSection(SolutionConfigurationPlatforms) = preSolution
		Debug|Any CPU = Debug|Any CPU
		Release|Any CPU = Release|Any CPU
	EndGlobalSection
	GlobalSection(ProjectConfigurationPlatforms) = postSolution
		{A7F485C7-5101-460F-8861-0C492C996FC4}.Debug|Any CPU.ActiveCfg = Debug|Any CPU
		{A7F485C7-5101-460F-8861-0C492C996FC4}.Debug|Any CPU.Build.0 = Debug|Any CPU
		{A7F485C7-5101-460F-8861-0C492C996FC4}.Release|Any CPU.ActiveCfg = Release|Any CPU
		{A7F485C7-5101-460F-8861-0C492C996FC4}.Release|Any CPU.Build.0 = Release|Any CPU
	EndGlobalSection
	GlobalSection(SolutionProperties) = preSolution
		HideSolutionNode = FALSE
	EndGlobalSection
	GlobalSection(ExtensibilityGlobals) = postSolution
		SolutionGuid = {08EDF824-19B5-433A-910D-2840BF1634D4}
	EndGlobalSection
EndGlobal
